{
  "name": "dash-bundler-webpack",
  "version": "1.0.0",
  "lockfileVersion": 2,
  "requires": true,
  "packages": {
    "": {
      "name": "dash-bundler-webpack",
      "version": "1.0.0",
      "license": "ISC",
      "dependencies": {
        "dashsight": "^1.1.0-0"
      }
    },
    "node_modules/@root/request": {
      "version": "1.9.0",
      "resolved": "https://registry.npmjs.org/@root/request/-/request-1.9.0.tgz",
      "integrity": "sha512-EcdDz2A98KhkJCf5mS72ZM+TySgDasLAqLhbglETprDpUi5Ey/e5PKdM5V9c2Rjp05x6STS+2D7zWzuzF/PKHQ=="
    },
    "node_modules/dashsight": {
      "version": "1.1.0-0",
      "resolved": "https://registry.npmjs.org/dashsight/-/dashsight-1.1.0-0.tgz",
      "integrity": "sha512-H+PrfKOmNeYfP4NaghCTLrUC/dy18WIoow1ugb1jOsnKbsM6j5BA64uitTI5tkgNdExRZLH25s4Q5zE4mOPpbw==",
      "dependencies": {
        "@root/request": "^1.9.0-8"
      },
      "bin": {
        "dashsight-balance": "bin/balance.js",
        "dashsight-instantsend": "bin/instantsend.js",
        "dashsight-tx": "bin/tx.js",
        "dashsight-txs": "bin/txs.js",
        "dashsight-utxos": "bin/utxos.js"
      },
      "optionalDependencies": {
        "dotenv": "^16.0.1"
      }
    },
    "node_modules/dotenv": {
      "version": "16.0.2",
      "resolved": "https://registry.npmjs.org/dotenv/-/dotenv-16.0.2.tgz",
      "integrity": "sha512-JvpYKUmzQhYoIFgK2MOnF3bciIZoItIIoryihy0rIA+H4Jy0FmgyKYAHCTN98P5ybGSJcIFbh6QKeJdtZd1qhA==",
      "optional": true,
      "engines": {
        "node": ">=12"
      }
    }
  },
  "dependencies": {
    "@root/request": {
      "version": "1.9.0",
      "resolved": "https://registry.npmjs.org/@root/request/-/request-1.9.0.tgz",
      "integrity": "sha512-EcdDz2A98KhkJCf5mS72ZM+TySgDasLAqLhbglETprDpUi5Ey/e5PKdM5V9c2Rjp05x6STS+2D7zWzuzF/PKHQ=="
    },
    "dashsight": {
      "version": "1.1.0-0",
      "resolved": "https://registry.npmjs.org/dashsight/-/dashsight-1.1.0-0.tgz",
      "integrity": "sha512-H+PrfKOmNeYfP4NaghCTLrUC/dy18WIoow1ugb1jOsnKbsM6j5BA64uitTI5tkgNdExRZLH25s4Q5zE4mOPpbw==",
      "requires": {
        "@root/request": "^1.9.0-8",
        "dotenv": "^16.0.1"
      }
    },
    "dotenv": {
      "version": "16.0.2",
      "resolved": "https://registry.npmjs.org/dotenv/-/dotenv-16.0.2.tgz",
      "integrity": "sha512-JvpYKUmzQhYoIFgK2MOnF3bciIZoItIIoryihy0rIA+H4Jy0FmgyKYAHCTN98P5ybGSJcIFbh6QKeJdtZd1qhA==",
      "optional": true
    }
  }
}
